// !$*UTF8*$!
{
	archiveVersion = 1;
	classes = {
	};
	objectVersion = 46;
	objects = {

/* Begin PBXBuildFile section */
		0207DA581B56EA530066E2B4 /* Images.xcassets in Resources */ = {isa = PBXBuildFile; fileRef = 0207DA571B56EA530066E2B4 /* Images.xcassets */; };
		05381E168EA041D082E84763 /* sqlite3.c in Sources */ = {isa = PBXBuildFile; fileRef = 36FAABF018C04BC2B1317D8F /* sqlite3.c */; settings = {COMPILER_FLAGS = "-w -DSQLITE_THREADSAFE=1 -DSQLITE_DEFAULT_SYNCHRONOUS=3 -DSQLITE_DEFAULT_MEMSTATUS=0 -DSQLITE_OMIT_DECLTYPE -DSQLITE_OMIT_DEPRECATED -DSQLITE_OMIT_PROGRESS_CALLBACK -DSQLITE_OMIT_SHARED_CACHE -DSQLITE_TEMP_STORE=2 -DSQLITE_OMIT_LOAD_EXTENSION -DSQLITE_ENABLE_FTS3 -DSQLITE_ENABLE_FTS3_PARENTHESIS -DSQLITE_ENABLE_FTS4 -DSQLITE_ENABLE_RTREE -DSQLITE_DEFAULT_PAGE_SIZE=4096"; }; };
		054628BBBE774EFB8EA91662 /* CDVLocation.m in Sources */ = {isa = PBXBuildFile; fileRef = 540B249A40894564A6A54990 /* CDVLocation.m */; };
		0E1BA8274FF74F05A8CC8F67 /* CDVPinDialog.m in Sources */ = {isa = PBXBuildFile; fileRef = EA1DE8C7C9C6432698B9B45F /* CDVPinDialog.m */; };
		0F47C950CCA043D9820B0968 /* CDVReachability.m in Sources */ = {isa = PBXBuildFile; fileRef = 7625243D8C0D4C65ADF09401 /* CDVReachability.m */; };
		131D00F290744156B79691DC /* PushPlugin.m in Sources */ = {isa = PBXBuildFile; fileRef = 65FF32AAD26049DAB13094E1 /* PushPlugin.m */; };
		14CC2D4B28F045AD95F304A0 /* SafariServices.framework in Frameworks */ = {isa = PBXBuildFile; fileRef = F32B27C98C3341F595EB3F0F /* SafariServices.framework */; settings = {ATTRIBUTES = (Weak, ); }; };
		1735DC6F7E4A48F681AEB834 /* CDVFile.m in Sources */ = {isa = PBXBuildFile; fileRef = 4E810D095A394502BD438A40 /* CDVFile.m */; };
		183B412B280D257D00920D7E /* logo_hr.jpg in Resources */ = {isa = PBXBuildFile; fileRef = 183B4129280D257D00920D7E /* logo_hr.jpg */; };
		1881CADA2806A31E0089B2FF /* GoogleService-Info.plist in Resources */ = {isa = PBXBuildFile; fileRef = 1881CAD92806A31E0089B2FF /* GoogleService-Info.plist */; };
		19EB277ED36341ABB1D97D8E /* CDVLocalFilesystem.m in Sources */ = {isa = PBXBuildFile; fileRef = 1CE8B58A39A448F895BA7945 /* CDVLocalFilesystem.m */; };
		1D3623260D0F684500981E51 /* AppDelegate.m in Sources */ = {isa = PBXBuildFile; fileRef = 1D3623250D0F684500981E51 /* AppDelegate.m */; };
		1D60589B0D05DD56006BFB54 /* main.m in Sources */ = {isa = PBXBuildFile; fileRef = 29B97316FDCFA39411CA2CEA /* main.m */; };
		1E76C134280E4BE48CE41EB1 /* CDVJpegHeaderWriter.m in Sources */ = {isa = PBXBuildFile; fileRef = 70DE3508B6104747B4C90365 /* CDVJpegHeaderWriter.m */; };
		27A64DEAB6B74F39AA53A825 /* AFURLRequestSerialization.m in Sources */ = {isa = PBXBuildFile; fileRef = 5833BF546E074E9D8FA510BC /* AFURLRequestSerialization.m */; };
		2E73EB12EAA84D8A90FA7309 /* CDVCamera.m in Sources */ = {isa = PBXBuildFile; fileRef = F29742236EAE4B789308BEEB /* CDVCamera.m */; };
		301BF552109A68D80062928A /* libCordova.a in Frameworks */ = {isa = PBXBuildFile; fileRef = 301BF535109A57CC0062928A /* libCordova.a */; settings = {ATTRIBUTES = (Required, ); }; };
		302D95F114D2391D003F00A1 /* MainViewController.m in Sources */ = {isa = PBXBuildFile; fileRef = 302D95EF14D2391D003F00A1 /* MainViewController.m */; };
		302D95F214D2391D003F00A1 /* MainViewController.xib in Resources */ = {isa = PBXBuildFile; fileRef = 302D95F014D2391D003F00A1 /* MainViewController.xib */; };
		320445CC242B4C0FA0DB81AD /* CoreTelephony.framework in Frameworks */ = {isa = PBXBuildFile; fileRef = 664721E985E44B11B74CE63D /* CoreTelephony.framework */; };
		3C579888535E470B94C0CDB6 /* IONAssetHandler.m in Sources */ = {isa = PBXBuildFile; fileRef = 53D3C2B5EF704243AB165DD6 /* IONAssetHandler.m */; };
		3EA5122CADAA41DCBCFBC6E6 /* AFURLResponseSerialization.m in Sources */ = {isa = PBXBuildFile; fileRef = F0B5193C07F644CA88297090 /* AFURLResponseSerialization.m */; };
		43206A9EA7384BBC8F457213 /* CDVStatusBar.m in Sources */ = {isa = PBXBuildFile; fileRef = F509EFE67ACC4C79AD9EAD81 /* CDVStatusBar.m */; };
		507C4C6DA40A497BA042EDC4 /* CordovaHttpPlugin.m in Sources */ = {isa = PBXBuildFile; fileRef = 67907AE2DA854B5CA9AE4CF0 /* CordovaHttpPlugin.m */; };
		53FB8FD8EA4C42A2BED04FC8 /* Photos.framework in Frameworks */ = {isa = PBXBuildFile; fileRef = 2400AA48CCD74E999F19CB19 /* Photos.framework */; };
		5888A28FFE59476AA325808A /* RequestLocationAccuracy.m in Sources */ = {isa = PBXBuildFile; fileRef = 340EB5A6CFEB42AEA2E1038A /* RequestLocationAccuracy.m */; };
		59E6453F71E640B6A639CEE1 /* Diagnostic_Camera.m in Sources */ = {isa = PBXBuildFile; fileRef = 37DA51B911A040A6B3369639 /* Diagnostic_Camera.m */; };
		5DC1E1CAF9F64BDBB14492AB /* AFURLSessionManager.m in Sources */ = {isa = PBXBuildFile; fileRef = 310ABA488C8E43D383FF1978 /* AFURLSessionManager.m */; };
		5EBD025B8CEF4F56B59BA3D2 /* CDVAssetLibraryFilesystem.m in Sources */ = {isa = PBXBuildFile; fileRef = EF7109C788DF4600B77E27DD /* CDVAssetLibraryFilesystem.m */; };
		600B0A17DC934F4699F03685 /* SDNetworkActivityIndicator.m in Sources */ = {isa = PBXBuildFile; fileRef = 7DF80543FF44434E857F6275 /* SDNetworkActivityIndicator.m */; };
		628BE730D86E494C882B6C48 /* CDVIonicKeyboard.m in Sources */ = {isa = PBXBuildFile; fileRef = 4F29B7A19FF0437494E3347B /* CDVIonicKeyboard.m */; };
		6AFF5BF91D6E424B00AB3073 /* CDVLaunchScreen.storyboard in Resources */ = {isa = PBXBuildFile; fileRef = 6AFF5BF81D6E424B00AB3073 /* CDVLaunchScreen.storyboard */; };
		6C80C8A432B643808867CCAC /* PushKit.framework in Frameworks */ = {isa = PBXBuildFile; fileRef = 7AD54F55DBC94F2F989F3AF6 /* PushKit.framework */; };
		6D78F2FD1D124207883787BF /* CDVGlobalization.m in Sources */ = {isa = PBXBuildFile; fileRef = 459B277210C44C9ABA0FB481 /* CDVGlobalization.m */; };
		6DFB2B3D7AF24E03B65B34E5 /* TextRequestSerializer.m in Sources */ = {isa = PBXBuildFile; fileRef = 3F51AE76D9F847B3ABFEE2C1 /* TextRequestSerializer.m */; };
		7730CB5055B04C3AB1426005 /* WebKit.framework in Frameworks */ = {isa = PBXBuildFile; fileRef = 6EA775F818DF484A92EA3D93 /* WebKit.framework */; settings = {ATTRIBUTES = (Weak, ); }; };
		815C4B5FB2744B50A7CBDBC2 /* AppVersion.m in Sources */ = {isa = PBXBuildFile; fileRef = 89B1CC55E33A40B58FB9603A /* AppVersion.m */; };
		82AE69F96DEB4B5FA3F30F80 /* AFNetworkReachabilityManager.m in Sources */ = {isa = PBXBuildFile; fileRef = 724C3B54E3FE4317B201339C /* AFNetworkReachabilityManager.m */; };
		83441DFAD9724EF18538BEF4 /* TextResponseSerializer.m in Sources */ = {isa = PBXBuildFile; fileRef = 81711DC5F547441BB3F11089 /* TextResponseSerializer.m */; };
		8C4A251713C44DE38874E618 /* UIImage+CropScaleOrientation.m in Sources */ = {isa = PBXBuildFile; fileRef = 3653A40FAE514FB98B2CBDAB /* UIImage+CropScaleOrientation.m */; };
		8EA5275A667C4563BD971182 /* Diagnostic_Location.m in Sources */ = {isa = PBXBuildFile; fileRef = B8CCE416AC274C07B85D0046 /* Diagnostic_Location.m */; };
		9B9810E4C1024C73876B5086 /* CDVSplashScreen.m in Sources */ = {isa = PBXBuildFile; fileRef = 9D6C76C06B714F66AB9D3BF8 /* CDVSplashScreen.m */; };
		9C0754D7D4E24BDEA76E84B6 /* UserNotifications.framework in Frameworks */ = {isa = PBXBuildFile; fileRef = 3900BF393D78482991BC6E80 /* UserNotifications.framework */; };
		9DD781EEF2824E1EB63F55D8 /* ImageIO.framework in Frameworks */ = {isa = PBXBuildFile; fileRef = 09A96423BEF84CEAAAABBFF1 /* ImageIO.framework */; settings = {ATTRIBUTES = (Weak, ); }; };
		A05DB5F6F46343B8A05981D6 /* Diagnostic.m in Sources */ = {isa = PBXBuildFile; fileRef = 3072B218DD7641F6829FDB1F /* Diagnostic.m */; };
		A61F9FDEBAF540C4BFC97EEE /* CDVWKWebViewEngine.m in Sources */ = {isa = PBXBuildFile; fileRef = 72896F3C496441D6A9572288 /* CDVWKWebViewEngine.m */; };
		AC593F31143946C9803F1757 /* PSPDFThreadSafeMutableDictionary.m in Sources */ = {isa = PBXBuildFile; fileRef = 27C7DAC04F404A0DB15EC569 /* PSPDFThreadSafeMutableDictionary.m */; settings = {COMPILER_FLAGS = "-w"; }; };
		B4C5FAB2E5B34C51BE6E4594 /* CDVDevice.m in Sources */ = {isa = PBXBuildFile; fileRef = F675F12A6D264698BC9BBFD4 /* CDVDevice.m */; };
		B7743B8779EA4E7E94EE74BA /* AFHTTPSessionManager.m in Sources */ = {isa = PBXBuildFile; fileRef = 0C75A027C74E48F78EEDC47A /* AFHTTPSessionManager.m */; };
		BD1DFCFBE8CB4FCDBC61B6A5 /* AppDelegate+notification.m in Sources */ = {isa = PBXBuildFile; fileRef = 578DFB60832C4699BB26C7D7 /* AppDelegate+notification.m */; };
		BF5EE05936E249B28A8E66C5 /* Diagnostic_Notifications.m in Sources */ = {isa = PBXBuildFile; fileRef = EB858F76B282418A99A39BEF /* Diagnostic_Notifications.m */; };
		C0EC5FDB02EC46FE9BADD7F9 /* CDVWKWebViewUIDelegate.m in Sources */ = {isa = PBXBuildFile; fileRef = B593F210D6E2408980AF2D97 /* CDVWKWebViewUIDelegate.m */; };
		C70CBA8A4CD541519164D983 /* Toast.m in Sources */ = {isa = PBXBuildFile; fileRef = 174FCCEF926C467D9F18C465 /* Toast.m */; };
		C9D2EB2A7BCC42D09F6A3CB5 /* CDVViewController+SplashScreen.m in Sources */ = {isa = PBXBuildFile; fileRef = 6C3FB9EE0DB1489DBCE7EE95 /* CDVViewController+SplashScreen.m */; };
		CA39A0A84B4F4FE7B85A2D1F /* NativeGeocoder.swift in Sources */ = {isa = PBXBuildFile; fileRef = 0B2AAFAA06D84FD4B769FB04 /* NativeGeocoder.swift */; };
		CCD0D70699C34FEF9255A4B2 /* SQLitePlugin.m in Sources */ = {isa = PBXBuildFile; fileRef = C0D0AFF8803F472D81925206 /* SQLitePlugin.m */; };
		CD62F1E2E4E94B0EB27B6E13 /* QuartzCore.framework in Frameworks */ = {isa = PBXBuildFile; fileRef = 102A23C57EA747CB88C98901 /* QuartzCore.framework */; };
		CE5DEAC1FF9939AB6FF3BB18 /* libPods-FormulaHR.a in Frameworks */ = {isa = PBXBuildFile; fileRef = 09D6EBBC9543B2922C80908F /* libPods-FormulaHR.a */; };
		D12018DE280341159B61EF1B /* SystemConfiguration.framework in Frameworks */ = {isa = PBXBuildFile; fileRef = 56B20AA58AFC4EE4BC3749BC /* SystemConfiguration.framework */; };
		D37DA42876494675A306DDE5 /* AFSecurityPolicy.m in Sources */ = {isa = PBXBuildFile; fileRef = 313272651E9A468A8C967960 /* AFSecurityPolicy.m */; };
		D92786FEFD734E32B009282C /* Toast+UIView.m in Sources */ = {isa = PBXBuildFile; fileRef = 5451C3A6C14C4BF183F9A21F /* Toast+UIView.m */; };
		DC79DEF95F3E4037A9EB4AB1 /* CDVWKProcessPoolFactory.m in Sources */ = {isa = PBXBuildFile; fileRef = 9225EC0949E244AB84DD4F23 /* CDVWKProcessPoolFactory.m */; };
		E271EEC8370C4AAE9F3E7023 /* CDVConnection.m in Sources */ = {isa = PBXBuildFile; fileRef = 8C16ED570D2E4FAA9CF85752 /* CDVConnection.m */; };
		E3BD9EAC2C6A491AAAD046BF /* SafariViewController.m in Sources */ = {isa = PBXBuildFile; fileRef = EA6021D5B75041198ACFF41D /* SafariViewController.m */; };
		E55DECE58F7E4521930B8FA4 /* Security.framework in Frameworks */ = {isa = PBXBuildFile; fileRef = F7E93123C0BD475CA99F5BF3 /* Security.framework */; };
		E74200F5A1ED4171884C324F /* CoreLocation.framework in Frameworks */ = {isa = PBXBuildFile; fileRef = 684164C2812B48209E279919 /* CoreLocation.framework */; };
		F4E518E6BB6E43EEA1B53DBD /* AVFoundation.framework in Frameworks */ = {isa = PBXBuildFile; fileRef = 81CF542094FD46B69F1A5E8A /* AVFoundation.framework */; };
/* End PBXBuildFile section */

/* Begin PBXContainerItemProxy section */
		301BF534109A57CC0062928A /* PBXContainerItemProxy */ = {
			isa = PBXContainerItemProxy;
			containerPortal = 301BF52D109A57CC0062928A /* CordovaLib.xcodeproj */;
			proxyType = 2;
			remoteGlobalIDString = D2AAC07E0554694100DB518D;
			remoteInfo = CordovaLib;
		};
		301BF550109A68C00062928A /* PBXContainerItemProxy */ = {
			isa = PBXContainerItemProxy;
			containerPortal = 301BF52D109A57CC0062928A /* CordovaLib.xcodeproj */;
			proxyType = 1;
			remoteGlobalIDString = D2AAC07D0554694100DB518D;
			remoteInfo = CordovaLib;
		};
		907D8123214C687600058A10 /* PBXContainerItemProxy */ = {
			isa = PBXContainerItemProxy;
			containerPortal = 301BF52D109A57CC0062928A /* CordovaLib.xcodeproj */;
			proxyType = 2;
			remoteGlobalIDString = C0C01EB21E3911D50056E6CB;
			remoteInfo = Cordova;
		};
/* End PBXContainerItemProxy section */

/* Begin PBXFileReference section */
		017025AE595B4DA3BB2CCFD8 /* Diagnostic.h */ = {isa = PBXFileReference; explicitFileType = undefined; fileEncoding = 4; includeInIndex = 0; lastKnownFileType = sourcecode.c.h; name = Diagnostic.h; path = cordova.plugins.diagnostic/Diagnostic.h; sourceTree = "<group>"; };
		0207DA571B56EA530066E2B4 /* Images.xcassets */ = {isa = PBXFileReference; lastKnownFileType = folder.assetcatalog; name = Images.xcassets; path = FormulaHR/Images.xcassets; sourceTree = SOURCE_ROOT; };
		09A96423BEF84CEAAAABBFF1 /* ImageIO.framework */ = {isa = PBXFileReference; explicitFileType = undefined; fileEncoding = 9; includeInIndex = 0; lastKnownFileType = wrapper.framework; name = ImageIO.framework; path = System/Library/Frameworks/ImageIO.framework; sourceTree = SDKROOT; };
		09D6EBBC9543B2922C80908F /* libPods-FormulaHR.a */ = {isa = PBXFileReference; explicitFileType = archive.ar; includeInIndex = 0; path = "libPods-FormulaHR.a"; sourceTree = BUILT_PRODUCTS_DIR; };
		0B2AAFAA06D84FD4B769FB04 /* NativeGeocoder.swift */ = {isa = PBXFileReference; explicitFileType = undefined; fileEncoding = 4; includeInIndex = 0; lastKnownFileType = sourcecode.swift; name = NativeGeocoder.swift; path = "cordova-plugin-nativegeocoder/NativeGeocoder.swift"; sourceTree = "<group>"; };
		0C75A027C74E48F78EEDC47A /* AFHTTPSessionManager.m */ = {isa = PBXFileReference; explicitFileType = undefined; fileEncoding = 4; includeInIndex = 0; lastKnownFileType = sourcecode.c.objc; name = AFHTTPSessionManager.m; path = "cordova-plugin-advanced-http/AFHTTPSessionManager.m"; sourceTree = "<group>"; };
		0D27A99C7CBE40C6892048C1 /* CDVGlobalization.h */ = {isa = PBXFileReference; explicitFileType = undefined; fileEncoding = 4; includeInIndex = 0; lastKnownFileType = sourcecode.c.h; name = CDVGlobalization.h; path = "cordova-plugin-globalization/CDVGlobalization.h"; sourceTree = "<group>"; };
		0D4DDF5C39DD405185C5E9D0 /* Diagnostic_Location.h */ = {isa = PBXFileReference; explicitFileType = undefined; fileEncoding = 4; includeInIndex = 0; lastKnownFileType = sourcecode.c.h; name = Diagnostic_Location.h; path = cordova.plugins.diagnostic/Diagnostic_Location.h; sourceTree = "<group>"; };
		1023E2CCDEDA440087D7838F /* IONAssetHandler.h */ = {isa = PBXFileReference; explicitFileType = undefined; fileEncoding = 4; includeInIndex = 0; lastKnownFileType = sourcecode.c.h; name = IONAssetHandler.h; path = "cordova-plugin-ionic-webview/IONAssetHandler.h"; sourceTree = "<group>"; };
		102A23C57EA747CB88C98901 /* QuartzCore.framework */ = {isa = PBXFileReference; explicitFileType = undefined; fileEncoding = 9; includeInIndex = 0; lastKnownFileType = wrapper.framework; name = QuartzCore.framework; path = System/Library/Frameworks/QuartzCore.framework; sourceTree = SDKROOT; };
		156C4322BB2B47E9ACFA6C83 /* CDVViewController+SplashScreen.h */ = {isa = PBXFileReference; explicitFileType = undefined; fileEncoding = 4; includeInIndex = 0; lastKnownFileType = sourcecode.c.h; name = "CDVViewController+SplashScreen.h"; path = "cordova-plugin-splashscreen/CDVViewController+SplashScreen.h"; sourceTree = "<group>"; };
		174FCCEF926C467D9F18C465 /* Toast.m */ = {isa = PBXFileReference; explicitFileType = undefined; fileEncoding = 4; includeInIndex = 0; lastKnownFileType = sourcecode.c.objc; name = Toast.m; path = "cordova-plugin-x-toast/Toast.m"; sourceTree = "<group>"; };
		183B4129280D257D00920D7E /* logo_hr.jpg */ = {isa = PBXFileReference; lastKnownFileType = image.jpeg; path = logo_hr.jpg; sourceTree = "<group>"; };
		1881CAD92806A31E0089B2FF /* GoogleService-Info.plist */ = {isa = PBXFileReference; fileEncoding = 4; lastKnownFileType = text.plist.xml; path = "GoogleService-Info.plist"; sourceTree = "<group>"; };
		1ACD5994E3C5464B9290DBDA /* AFURLRequestSerialization.h */ = {isa = PBXFileReference; explicitFileType = undefined; fileEncoding = 4; includeInIndex = 0; lastKnownFileType = sourcecode.c.h; name = AFURLRequestSerialization.h; path = "cordova-plugin-advanced-http/AFURLRequestSerialization.h"; sourceTree = "<group>"; };
		1CE8B58A39A448F895BA7945 /* CDVLocalFilesystem.m */ = {isa = PBXFileReference; explicitFileType = undefined; fileEncoding = 4; includeInIndex = 0; lastKnownFileType = sourcecode.c.objc; name = CDVLocalFilesystem.m; path = "cordova-plugin-file/CDVLocalFilesystem.m"; sourceTree = "<group>"; };
		1D3623240D0F684500981E51 /* AppDelegate.h */ = {isa = PBXFileReference; fileEncoding = 4; lastKnownFileType = sourcecode.c.h; path = AppDelegate.h; sourceTree = "<group>"; };
		1D3623250D0F684500981E51 /* AppDelegate.m */ = {isa = PBXFileReference; fileEncoding = 4; lastKnownFileType = sourcecode.c.objc; path = AppDelegate.m; sourceTree = "<group>"; };
		1D6058910D05DD3D006BFB54 /* FormulaHR.app */ = {isa = PBXFileReference; explicitFileType = wrapper.application; includeInIndex = 0; path = FormulaHR.app; sourceTree = BUILT_PRODUCTS_DIR; };
		2400AA48CCD74E999F19CB19 /* Photos.framework */ = {isa = PBXFileReference; explicitFileType = undefined; fileEncoding = 9; includeInIndex = 0; lastKnownFileType = wrapper.framework; name = Photos.framework; path = System/Library/Frameworks/Photos.framework; sourceTree = SDKROOT; };
		272651CA83D34FABA6AD9C76 /* Diagnostic_Camera.h */ = {isa = PBXFileReference; explicitFileType = undefined; fileEncoding = 4; includeInIndex = 0; lastKnownFileType = sourcecode.c.h; name = Diagnostic_Camera.h; path = cordova.plugins.diagnostic/Diagnostic_Camera.h; sourceTree = "<group>"; };
		27C7DAC04F404A0DB15EC569 /* PSPDFThreadSafeMutableDictionary.m */ = {isa = PBXFileReference; explicitFileType = undefined; fileEncoding = 4; includeInIndex = 0; lastKnownFileType = sourcecode.c.objc; name = PSPDFThreadSafeMutableDictionary.m; path = "cordova-sqlite-storage/PSPDFThreadSafeMutableDictionary.m"; sourceTree = "<group>"; };
		29B97316FDCFA39411CA2CEA /* main.m */ = {isa = PBXFileReference; fileEncoding = 4; lastKnownFileType = sourcecode.c.objc; path = main.m; sourceTree = "<group>"; };
		2CF7CBC575804E20BC21C891 /* CDVAssetLibraryFilesystem.h */ = {isa = PBXFileReference; explicitFileType = undefined; fileEncoding = 4; includeInIndex = 0; lastKnownFileType = sourcecode.c.h; name = CDVAssetLibraryFilesystem.h; path = "cordova-plugin-file/CDVAssetLibraryFilesystem.h"; sourceTree = "<group>"; };
		2E9C3F86F7504736875776DF /* TextRequestSerializer.h */ = {isa = PBXFileReference; explicitFileType = undefined; fileEncoding = 4; includeInIndex = 0; lastKnownFileType = sourcecode.c.h; name = TextRequestSerializer.h; path = "cordova-plugin-advanced-http/TextRequestSerializer.h"; sourceTree = "<group>"; };
		2EFF3726C21241E2BBF62AC9 /* AFNetworking.h */ = {isa = PBXFileReference; explicitFileType = undefined; fileEncoding = 4; includeInIndex = 0; lastKnownFileType = sourcecode.c.h; name = AFNetworking.h; path = "cordova-plugin-advanced-http/AFNetworking.h"; sourceTree = "<group>"; };
		301BF52D109A57CC0062928A /* CordovaLib.xcodeproj */ = {isa = PBXFileReference; lastKnownFileType = "wrapper.pb-project"; name = CordovaLib.xcodeproj; path = CordovaLib/CordovaLib.xcodeproj; sourceTree = "<group>"; };
		301BF56E109A69640062928A /* www */ = {isa = PBXFileReference; lastKnownFileType = folder; path = www; sourceTree = SOURCE_ROOT; };
		302D95EE14D2391D003F00A1 /* MainViewController.h */ = {isa = PBXFileReference; fileEncoding = 4; lastKnownFileType = sourcecode.c.h; path = MainViewController.h; sourceTree = "<group>"; };
		302D95EF14D2391D003F00A1 /* MainViewController.m */ = {isa = PBXFileReference; fileEncoding = 4; lastKnownFileType = sourcecode.c.objc; path = MainViewController.m; sourceTree = "<group>"; };
		302D95F014D2391D003F00A1 /* MainViewController.xib */ = {isa = PBXFileReference; fileEncoding = 4; lastKnownFileType = file.xib; path = MainViewController.xib; sourceTree = "<group>"; };
		3047A50F1AB8059700498E2A /* build-debug.xcconfig */ = {isa = PBXFileReference; fileEncoding = 4; lastKnownFileType = text.xcconfig; name = "build-debug.xcconfig"; path = "cordova/build-debug.xcconfig"; sourceTree = SOURCE_ROOT; };
		3047A5101AB8059700498E2A /* build-release.xcconfig */ = {isa = PBXFileReference; fileEncoding = 4; lastKnownFileType = text.xcconfig; name = "build-release.xcconfig"; path = "cordova/build-release.xcconfig"; sourceTree = SOURCE_ROOT; };
		3047A5111AB8059700498E2A /* build.xcconfig */ = {isa = PBXFileReference; fileEncoding = 4; lastKnownFileType = text.xcconfig; name = build.xcconfig; path = cordova/build.xcconfig; sourceTree = SOURCE_ROOT; };
		3072B218DD7641F6829FDB1F /* Diagnostic.m */ = {isa = PBXFileReference; explicitFileType = undefined; fileEncoding = 4; includeInIndex = 0; lastKnownFileType = sourcecode.c.objc; name = Diagnostic.m; path = cordova.plugins.diagnostic/Diagnostic.m; sourceTree = "<group>"; };
		310ABA488C8E43D383FF1978 /* AFURLSessionManager.m */ = {isa = PBXFileReference; explicitFileType = undefined; fileEncoding = 4; includeInIndex = 0; lastKnownFileType = sourcecode.c.objc; name = AFURLSessionManager.m; path = "cordova-plugin-advanced-http/AFURLSessionManager.m"; sourceTree = "<group>"; };
		313272651E9A468A8C967960 /* AFSecurityPolicy.m */ = {isa = PBXFileReference; explicitFileType = undefined; fileEncoding = 4; includeInIndex = 0; lastKnownFileType = sourcecode.c.objc; name = AFSecurityPolicy.m; path = "cordova-plugin-advanced-http/AFSecurityPolicy.m"; sourceTree = "<group>"; };
		31CB5E99E2EF472EA8619F12 /* CDVIonicKeyboard.h */ = {isa = PBXFileReference; explicitFileType = undefined; fileEncoding = 4; includeInIndex = 0; lastKnownFileType = sourcecode.c.h; name = CDVIonicKeyboard.h; path = "cordova-plugin-ionic-keyboard/CDVIonicKeyboard.h"; sourceTree = "<group>"; };
		32CA4F630368D1EE00C91783 /* FormulaHR-Prefix.pch */ = {isa = PBXFileReference; fileEncoding = 4; lastKnownFileType = sourcecode.c.h; path = "FormulaHR-Prefix.pch"; sourceTree = "<group>"; };
		340EB5A6CFEB42AEA2E1038A /* RequestLocationAccuracy.m */ = {isa = PBXFileReference; explicitFileType = undefined; fileEncoding = 4; includeInIndex = 0; lastKnownFileType = sourcecode.c.objc; name = RequestLocationAccuracy.m; path = "cordova-plugin-request-location-accuracy/RequestLocationAccuracy.m"; sourceTree = "<group>"; };
		35DEE0A930534F44A26FB1EE /* Toast+UIView.h */ = {isa = PBXFileReference; explicitFileType = undefined; fileEncoding = 4; includeInIndex = 0; lastKnownFileType = sourcecode.c.h; name = "Toast+UIView.h"; path = "cordova-plugin-x-toast/Toast+UIView.h"; sourceTree = "<group>"; };
		3653A40FAE514FB98B2CBDAB /* UIImage+CropScaleOrientation.m */ = {isa = PBXFileReference; explicitFileType = undefined; fileEncoding = 4; includeInIndex = 0; lastKnownFileType = sourcecode.c.objc; name = "UIImage+CropScaleOrientation.m"; path = "cordova-plugin-camera/UIImage+CropScaleOrientation.m"; sourceTree = "<group>"; };
		36FAABF018C04BC2B1317D8F /* sqlite3.c */ = {isa = PBXFileReference; explicitFileType = undefined; fileEncoding = 9; includeInIndex = 0; lastKnownFileType = unknown; name = sqlite3.c; path = "cordova-sqlite-storage/sqlite3.c"; sourceTree = "<group>"; };
		37DA51B911A040A6B3369639 /* Diagnostic_Camera.m */ = {isa = PBXFileReference; explicitFileType = undefined; fileEncoding = 4; includeInIndex = 0; lastKnownFileType = sourcecode.c.objc; name = Diagnostic_Camera.m; path = cordova.plugins.diagnostic/Diagnostic_Camera.m; sourceTree = "<group>"; };
		3900BF393D78482991BC6E80 /* UserNotifications.framework */ = {isa = PBXFileReference; explicitFileType = undefined; fileEncoding = 9; includeInIndex = 0; lastKnownFileType = wrapper.framework; name = UserNotifications.framework; path = System/Library/Frameworks/UserNotifications.framework; sourceTree = SDKROOT; };
		3F51AE76D9F847B3ABFEE2C1 /* TextRequestSerializer.m */ = {isa = PBXFileReference; explicitFileType = undefined; fileEncoding = 4; includeInIndex = 0; lastKnownFileType = sourcecode.c.objc; name = TextRequestSerializer.m; path = "cordova-plugin-advanced-http/TextRequestSerializer.m"; sourceTree = "<group>"; };
		459B277210C44C9ABA0FB481 /* CDVGlobalization.m */ = {isa = PBXFileReference; explicitFileType = undefined; fileEncoding = 4; includeInIndex = 0; lastKnownFileType = sourcecode.c.objc; name = CDVGlobalization.m; path = "cordova-plugin-globalization/CDVGlobalization.m"; sourceTree = "<group>"; };
		492A78342B8844D28B8E359B /* CDVWKWebViewEngine.h */ = {isa = PBXFileReference; explicitFileType = undefined; fileEncoding = 4; includeInIndex = 0; lastKnownFileType = sourcecode.c.h; name = CDVWKWebViewEngine.h; path = "cordova-plugin-ionic-webview/CDVWKWebViewEngine.h"; sourceTree = "<group>"; };
		4A822CDEFE3F4CC4A7884C4B /* CDVDevice.h */ = {isa = PBXFileReference; explicitFileType = undefined; fileEncoding = 4; includeInIndex = 0; lastKnownFileType = sourcecode.c.h; name = CDVDevice.h; path = "cordova-plugin-device/CDVDevice.h"; sourceTree = "<group>"; };
		4D351FD1859D60A76FA84752 /* Pods-FormulaHR.debug.xcconfig */ = {isa = PBXFileReference; includeInIndex = 1; lastKnownFileType = text.xcconfig; name = "Pods-FormulaHR.debug.xcconfig"; path = "Target Support Files/Pods-FormulaHR/Pods-FormulaHR.debug.xcconfig"; sourceTree = "<group>"; };
		4E810D095A394502BD438A40 /* CDVFile.m */ = {isa = PBXFileReference; explicitFileType = undefined; fileEncoding = 4; includeInIndex = 0; lastKnownFileType = sourcecode.c.objc; name = CDVFile.m; path = "cordova-plugin-file/CDVFile.m"; sourceTree = "<group>"; };
		4EADCF72EA5D4CCDAB821D08 /* CDVConnection.h */ = {isa = PBXFileReference; explicitFileType = undefined; fileEncoding = 4; includeInIndex = 0; lastKnownFileType = sourcecode.c.h; name = CDVConnection.h; path = "cordova-plugin-network-information/CDVConnection.h"; sourceTree = "<group>"; };
		4F29B7A19FF0437494E3347B /* CDVIonicKeyboard.m */ = {isa = PBXFileReference; explicitFileType = undefined; fileEncoding = 4; includeInIndex = 0; lastKnownFileType = sourcecode.c.objc; name = CDVIonicKeyboard.m; path = "cordova-plugin-ionic-keyboard/CDVIonicKeyboard.m"; sourceTree = "<group>"; };
		5014292EA88D43B4B3745DCE /* Toast.h */ = {isa = PBXFileReference; explicitFileType = undefined; fileEncoding = 4; includeInIndex = 0; lastKnownFileType = sourcecode.c.h; name = Toast.h; path = "cordova-plugin-x-toast/Toast.h"; sourceTree = "<group>"; };
		52C36AFC9E3D420CACCBA93B /* CDVFile.h */ = {isa = PBXFileReference; explicitFileType = undefined; fileEncoding = 4; includeInIndex = 0; lastKnownFileType = sourcecode.c.h; name = CDVFile.h; path = "cordova-plugin-file/CDVFile.h"; sourceTree = "<group>"; };
		53D3C2B5EF704243AB165DD6 /* IONAssetHandler.m */ = {isa = PBXFileReference; explicitFileType = undefined; fileEncoding = 4; includeInIndex = 0; lastKnownFileType = sourcecode.c.objc; name = IONAssetHandler.m; path = "cordova-plugin-ionic-webview/IONAssetHandler.m"; sourceTree = "<group>"; };
		540B249A40894564A6A54990 /* CDVLocation.m */ = {isa = PBXFileReference; explicitFileType = undefined; fileEncoding = 4; includeInIndex = 0; lastKnownFileType = sourcecode.c.objc; name = CDVLocation.m; path = "cordova-plugin-geolocation/CDVLocation.m"; sourceTree = "<group>"; };
		5451C3A6C14C4BF183F9A21F /* Toast+UIView.m */ = {isa = PBXFileReference; explicitFileType = undefined; fileEncoding = 4; includeInIndex = 0; lastKnownFileType = sourcecode.c.objc; name = "Toast+UIView.m"; path = "cordova-plugin-x-toast/Toast+UIView.m"; sourceTree = "<group>"; };
		56B20AA58AFC4EE4BC3749BC /* SystemConfiguration.framework */ = {isa = PBXFileReference; explicitFileType = undefined; fileEncoding = 9; includeInIndex = 0; lastKnownFileType = wrapper.framework; name = SystemConfiguration.framework; path = System/Library/Frameworks/SystemConfiguration.framework; sourceTree = SDKROOT; };
		578DFB60832C4699BB26C7D7 /* AppDelegate+notification.m */ = {isa = PBXFileReference; explicitFileType = undefined; fileEncoding = 4; includeInIndex = 0; lastKnownFileType = sourcecode.c.objc; name = "AppDelegate+notification.m"; path = "phonegap-plugin-push/AppDelegate+notification.m"; sourceTree = "<group>"; };
		5833BF546E074E9D8FA510BC /* AFURLRequestSerialization.m */ = {isa = PBXFileReference; explicitFileType = undefined; fileEncoding = 4; includeInIndex = 0; lastKnownFileType = sourcecode.c.objc; name = AFURLRequestSerialization.m; path = "cordova-plugin-advanced-http/AFURLRequestSerialization.m"; sourceTree = "<group>"; };
		5854C80B1CD44E53A2673395 /* sqlite3.h */ = {isa = PBXFileReference; explicitFileType = undefined; fileEncoding = 4; includeInIndex = 0; lastKnownFileType = sourcecode.c.h; name = sqlite3.h; path = "cordova-sqlite-storage/sqlite3.h"; sourceTree = "<group>"; };
		58A5090BEACE4A018164527D /* CDVReachability.h */ = {isa = PBXFileReference; explicitFileType = undefined; fileEncoding = 4; includeInIndex = 0; lastKnownFileType = sourcecode.c.h; name = CDVReachability.h; path = "cordova-plugin-network-information/CDVReachability.h"; sourceTree = "<group>"; };
		598425E3A65B4D2AACDB6A6F /* AFHTTPSessionManager.h */ = {isa = PBXFileReference; explicitFileType = undefined; fileEncoding = 4; includeInIndex = 0; lastKnownFileType = sourcecode.c.h; name = AFHTTPSessionManager.h; path = "cordova-plugin-advanced-http/AFHTTPSessionManager.h"; sourceTree = "<group>"; };
		5BA9330EE6F24614962CCDC7 /* AFURLSessionManager.h */ = {isa = PBXFileReference; explicitFileType = undefined; fileEncoding = 4; includeInIndex = 0; lastKnownFileType = sourcecode.c.h; name = AFURLSessionManager.h; path = "cordova-plugin-advanced-http/AFURLSessionManager.h"; sourceTree = "<group>"; };
		602D3441F68E498E98AF6766 /* CDVStatusBar.h */ = {isa = PBXFileReference; explicitFileType = undefined; fileEncoding = 4; includeInIndex = 0; lastKnownFileType = sourcecode.c.h; name = CDVStatusBar.h; path = "cordova-plugin-statusbar/CDVStatusBar.h"; sourceTree = "<group>"; };
		65A3C149280B42C18F97268F /* PushPlugin.h */ = {isa = PBXFileReference; explicitFileType = undefined; fileEncoding = 4; includeInIndex = 0; lastKnownFileType = sourcecode.c.h; name = PushPlugin.h; path = "phonegap-plugin-push/PushPlugin.h"; sourceTree = "<group>"; };
		65FF32AAD26049DAB13094E1 /* PushPlugin.m */ = {isa = PBXFileReference; explicitFileType = undefined; fileEncoding = 4; includeInIndex = 0; lastKnownFileType = sourcecode.c.objc; name = PushPlugin.m; path = "phonegap-plugin-push/PushPlugin.m"; sourceTree = "<group>"; };
		664721E985E44B11B74CE63D /* CoreTelephony.framework */ = {isa = PBXFileReference; explicitFileType = undefined; fileEncoding = 9; includeInIndex = 0; lastKnownFileType = wrapper.framework; name = CoreTelephony.framework; path = System/Library/Frameworks/CoreTelephony.framework; sourceTree = SDKROOT; };
		67907AE2DA854B5CA9AE4CF0 /* CordovaHttpPlugin.m */ = {isa = PBXFileReference; explicitFileType = undefined; fileEncoding = 4; includeInIndex = 0; lastKnownFileType = sourcecode.c.objc; name = CordovaHttpPlugin.m; path = "cordova-plugin-advanced-http/CordovaHttpPlugin.m"; sourceTree = "<group>"; };
		684164C2812B48209E279919 /* CoreLocation.framework */ = {isa = PBXFileReference; explicitFileType = undefined; fileEncoding = 9; includeInIndex = 0; lastKnownFileType = wrapper.framework; name = CoreLocation.framework; path = System/Library/Frameworks/CoreLocation.framework; sourceTree = SDKROOT; };
		6AFF5BF81D6E424B00AB3073 /* CDVLaunchScreen.storyboard */ = {isa = PBXFileReference; fileEncoding = 4; lastKnownFileType = file.storyboard; name = CDVLaunchScreen.storyboard; path = FormulaHR/CDVLaunchScreen.storyboard; sourceTree = SOURCE_ROOT; };
		6B89B996F7284B60B2877EC6 /* Diagnostic_Notifications.h */ = {isa = PBXFileReference; explicitFileType = undefined; fileEncoding = 4; includeInIndex = 0; lastKnownFileType = sourcecode.c.h; name = Diagnostic_Notifications.h; path = cordova.plugins.diagnostic/Diagnostic_Notifications.h; sourceTree = "<group>"; };
		6C3FB9EE0DB1489DBCE7EE95 /* CDVViewController+SplashScreen.m */ = {isa = PBXFileReference; explicitFileType = undefined; fileEncoding = 4; includeInIndex = 0; lastKnownFileType = sourcecode.c.objc; name = "CDVViewController+SplashScreen.m"; path = "cordova-plugin-splashscreen/CDVViewController+SplashScreen.m"; sourceTree = "<group>"; };
		6D867BABDA064FE598A43917 /* CDVExif.h */ = {isa = PBXFileReference; explicitFileType = undefined; fileEncoding = 4; includeInIndex = 0; lastKnownFileType = sourcecode.c.h; name = CDVExif.h; path = "cordova-plugin-camera/CDVExif.h"; sourceTree = "<group>"; };
		6EA775F818DF484A92EA3D93 /* WebKit.framework */ = {isa = PBXFileReference; explicitFileType = undefined; fileEncoding = 9; includeInIndex = 0; lastKnownFileType = wrapper.framework; name = WebKit.framework; path = System/Library/Frameworks/WebKit.framework; sourceTree = SDKROOT; };
		70DE3508B6104747B4C90365 /* CDVJpegHeaderWriter.m */ = {isa = PBXFileReference; explicitFileType = undefined; fileEncoding = 4; includeInIndex = 0; lastKnownFileType = sourcecode.c.objc; name = CDVJpegHeaderWriter.m; path = "cordova-plugin-camera/CDVJpegHeaderWriter.m"; sourceTree = "<group>"; };
		724C3B54E3FE4317B201339C /* AFNetworkReachabilityManager.m */ = {isa = PBXFileReference; explicitFileType = undefined; fileEncoding = 4; includeInIndex = 0; lastKnownFileType = sourcecode.c.objc; name = AFNetworkReachabilityManager.m; path = "cordova-plugin-advanced-http/AFNetworkReachabilityManager.m"; sourceTree = "<group>"; };
		72896F3C496441D6A9572288 /* CDVWKWebViewEngine.m */ = {isa = PBXFileReference; explicitFileType = undefined; fileEncoding = 4; includeInIndex = 0; lastKnownFileType = sourcecode.c.objc; name = CDVWKWebViewEngine.m; path = "cordova-plugin-ionic-webview/CDVWKWebViewEngine.m"; sourceTree = "<group>"; };
		7625243D8C0D4C65ADF09401 /* CDVReachability.m */ = {isa = PBXFileReference; explicitFileType = undefined; fileEncoding = 4; includeInIndex = 0; lastKnownFileType = sourcecode.c.objc; name = CDVReachability.m; path = "cordova-plugin-network-information/CDVReachability.m"; sourceTree = "<group>"; };
		7AD54F55DBC94F2F989F3AF6 /* PushKit.framework */ = {isa = PBXFileReference; explicitFileType = undefined; fileEncoding = 9; includeInIndex = 0; lastKnownFileType = wrapper.framework; name = PushKit.framework; path = System/Library/Frameworks/PushKit.framework; sourceTree = SDKROOT; };
		7DF80543FF44434E857F6275 /* SDNetworkActivityIndicator.m */ = {isa = PBXFileReference; explicitFileType = undefined; fileEncoding = 4; includeInIndex = 0; lastKnownFileType = sourcecode.c.objc; name = SDNetworkActivityIndicator.m; path = "cordova-plugin-advanced-http/SDNetworkActivityIndicator.m"; sourceTree = "<group>"; };
		81711DC5F547441BB3F11089 /* TextResponseSerializer.m */ = {isa = PBXFileReference; explicitFileType = undefined; fileEncoding = 4; includeInIndex = 0; lastKnownFileType = sourcecode.c.objc; name = TextResponseSerializer.m; path = "cordova-plugin-advanced-http/TextResponseSerializer.m"; sourceTree = "<group>"; };
		81CF542094FD46B69F1A5E8A /* AVFoundation.framework */ = {isa = PBXFileReference; explicitFileType = undefined; fileEncoding = 9; includeInIndex = 0; lastKnownFileType = wrapper.framework; name = AVFoundation.framework; path = System/Library/Frameworks/AVFoundation.framework; sourceTree = SDKROOT; };
		89B1CC55E33A40B58FB9603A /* AppVersion.m */ = {isa = PBXFileReference; explicitFileType = undefined; fileEncoding = 4; includeInIndex = 0; lastKnownFileType = sourcecode.c.objc; name = AppVersion.m; path = "cordova-plugin-app-version/AppVersion.m"; sourceTree = "<group>"; };
		8C16ED570D2E4FAA9CF85752 /* CDVConnection.m */ = {isa = PBXFileReference; explicitFileType = undefined; fileEncoding = 4; includeInIndex = 0; lastKnownFileType = sourcecode.c.objc; name = CDVConnection.m; path = "cordova-plugin-network-information/CDVConnection.m"; sourceTree = "<group>"; };
		8D1107310486CEB800E47090 /* FormulaHR-Info.plist */ = {isa = PBXFileReference; fileEncoding = 4; lastKnownFileType = text.plist.xml; name = "FormulaHR-Info.plist"; path = "FormulaHR/FormulaHR-Info.plist"; plistStructureDefinitionIdentifier = "com.apple.xcode.plist.structure-definition.iphone.info-plist"; sourceTree = SOURCE_ROOT; };
		90C976F0FE8F42B6B037EBD7 /* CDVWKProcessPoolFactory.h */ = {isa = PBXFileReference; explicitFileType = undefined; fileEncoding = 4; includeInIndex = 0; lastKnownFileType = sourcecode.c.h; name = CDVWKProcessPoolFactory.h; path = "cordova-plugin-ionic-webview/CDVWKProcessPoolFactory.h"; sourceTree = "<group>"; };
		9225EC0949E244AB84DD4F23 /* CDVWKProcessPoolFactory.m */ = {isa = PBXFileReference; explicitFileType = undefined; fileEncoding = 4; includeInIndex = 0; lastKnownFileType = sourcecode.c.objc; name = CDVWKProcessPoolFactory.m; path = "cordova-plugin-ionic-webview/CDVWKProcessPoolFactory.m"; sourceTree = "<group>"; };
		985AE12CB6E84CBAA2CE2EEE /* AppVersion.h */ = {isa = PBXFileReference; explicitFileType = undefined; fileEncoding = 4; includeInIndex = 0; lastKnownFileType = sourcecode.c.h; name = AppVersion.h; path = "cordova-plugin-app-version/AppVersion.h"; sourceTree = "<group>"; };
		9D5993D63658491AB5F8E627 /* CordovaHttpPlugin.h */ = {isa = PBXFileReference; explicitFileType = undefined; fileEncoding = 4; includeInIndex = 0; lastKnownFileType = sourcecode.c.h; name = CordovaHttpPlugin.h; path = "cordova-plugin-advanced-http/CordovaHttpPlugin.h"; sourceTree = "<group>"; };
		9D6C76C06B714F66AB9D3BF8 /* CDVSplashScreen.m */ = {isa = PBXFileReference; explicitFileType = undefined; fileEncoding = 4; includeInIndex = 0; lastKnownFileType = sourcecode.c.objc; name = CDVSplashScreen.m; path = "cordova-plugin-splashscreen/CDVSplashScreen.m"; sourceTree = "<group>"; };
		B19E4836638D4EA6B5B9E4C0 /* AFSecurityPolicy.h */ = {isa = PBXFileReference; explicitFileType = undefined; fileEncoding = 4; includeInIndex = 0; lastKnownFileType = sourcecode.c.h; name = AFSecurityPolicy.h; path = "cordova-plugin-advanced-http/AFSecurityPolicy.h"; sourceTree = "<group>"; };
		B2F30788E6BA4AA9BA5EC902 /* CDVLocalFilesystem.h */ = {isa = PBXFileReference; explicitFileType = undefined; fileEncoding = 4; includeInIndex = 0; lastKnownFileType = sourcecode.c.h; name = CDVLocalFilesystem.h; path = "cordova-plugin-file/CDVLocalFilesystem.h"; sourceTree = "<group>"; };
		B593F210D6E2408980AF2D97 /* CDVWKWebViewUIDelegate.m */ = {isa = PBXFileReference; explicitFileType = undefined; fileEncoding = 4; includeInIndex = 0; lastKnownFileType = sourcecode.c.objc; name = CDVWKWebViewUIDelegate.m; path = "cordova-plugin-ionic-webview/CDVWKWebViewUIDelegate.m"; sourceTree = "<group>"; };
		B8CBAD6C4A2686B458A7F7DA /* Pods-FormulaHR.release.xcconfig */ = {isa = PBXFileReference; includeInIndex = 1; lastKnownFileType = text.xcconfig; name = "Pods-FormulaHR.release.xcconfig"; path = "Target Support Files/Pods-FormulaHR/Pods-FormulaHR.release.xcconfig"; sourceTree = "<group>"; };
		B8CCE416AC274C07B85D0046 /* Diagnostic_Location.m */ = {isa = PBXFileReference; explicitFileType = undefined; fileEncoding = 4; includeInIndex = 0; lastKnownFileType = sourcecode.c.objc; name = Diagnostic_Location.m; path = cordova.plugins.diagnostic/Diagnostic_Location.m; sourceTree = "<group>"; };
		BC2E113182A249D1A80328BC /* TextResponseSerializer.h */ = {isa = PBXFileReference; explicitFileType = undefined; fileEncoding = 4; includeInIndex = 0; lastKnownFileType = sourcecode.c.h; name = TextResponseSerializer.h; path = "cordova-plugin-advanced-http/TextResponseSerializer.h"; sourceTree = "<group>"; };
		BD1231FD00A844FE9AAEC85D /* SafariViewController.h */ = {isa = PBXFileReference; explicitFileType = undefined; fileEncoding = 4; includeInIndex = 0; lastKnownFileType = sourcecode.c.h; name = SafariViewController.h; path = "cordova-plugin-safariviewcontroller/SafariViewController.h"; sourceTree = "<group>"; };
		BD32B1E8F7E14D7BB7FB0FB8 /* CDVLocation.h */ = {isa = PBXFileReference; explicitFileType = undefined; fileEncoding = 4; includeInIndex = 0; lastKnownFileType = sourcecode.c.h; name = CDVLocation.h; path = "cordova-plugin-geolocation/CDVLocation.h"; sourceTree = "<group>"; };
		BDBB8C9F742E4C6FA5F2E1ED /* AFURLResponseSerialization.h */ = {isa = PBXFileReference; explicitFileType = undefined; fileEncoding = 4; includeInIndex = 0; lastKnownFileType = sourcecode.c.h; name = AFURLResponseSerialization.h; path = "cordova-plugin-advanced-http/AFURLResponseSerialization.h"; sourceTree = "<group>"; };
		C0D0AFF8803F472D81925206 /* SQLitePlugin.m */ = {isa = PBXFileReference; explicitFileType = undefined; fileEncoding = 4; includeInIndex = 0; lastKnownFileType = sourcecode.c.objc; name = SQLitePlugin.m; path = "cordova-sqlite-storage/SQLitePlugin.m"; sourceTree = "<group>"; };
		C142D99A75CA4BD18F5177CB /* CDVSplashScreen.h */ = {isa = PBXFileReference; explicitFileType = undefined; fileEncoding = 4; includeInIndex = 0; lastKnownFileType = sourcecode.c.h; name = CDVSplashScreen.h; path = "cordova-plugin-splashscreen/CDVSplashScreen.h"; sourceTree = "<group>"; };
		CACC842D60C84DFAB11B29E0 /* UIImage+CropScaleOrientation.h */ = {isa = PBXFileReference; explicitFileType = undefined; fileEncoding = 4; includeInIndex = 0; lastKnownFileType = sourcecode.c.h; name = "UIImage+CropScaleOrientation.h"; path = "cordova-plugin-camera/UIImage+CropScaleOrientation.h"; sourceTree = "<group>"; };
		CB34376E55B94587A85238A6 /* NativeGeocoder-Bridging-Header.h */ = {isa = PBXFileReference; explicitFileType = undefined; fileEncoding = 4; includeInIndex = 0; lastKnownFileType = sourcecode.c.h; name = "NativeGeocoder-Bridging-Header.h"; path = "cordova-plugin-nativegeocoder/NativeGeocoder-Bridging-Header.h"; sourceTree = "<group>"; };
		CC2911807858415EBB441726 /* SQLitePlugin.h */ = {isa = PBXFileReference; explicitFileType = undefined; fileEncoding = 4; includeInIndex = 0; lastKnownFileType = sourcecode.c.h; name = SQLitePlugin.h; path = "cordova-sqlite-storage/SQLitePlugin.h"; sourceTree = "<group>"; };
		D2528FBCA5F645ED91334442 /* RequestLocationAccuracy.h */ = {isa = PBXFileReference; explicitFileType = undefined; fileEncoding = 4; includeInIndex = 0; lastKnownFileType = sourcecode.c.h; name = RequestLocationAccuracy.h; path = "cordova-plugin-request-location-accuracy/RequestLocationAccuracy.h"; sourceTree = "<group>"; };
		D465B83D25CF491A96DB876C /* AppDelegate+notification.h */ = {isa = PBXFileReference; explicitFileType = undefined; fileEncoding = 4; includeInIndex = 0; lastKnownFileType = sourcecode.c.h; name = "AppDelegate+notification.h"; path = "phonegap-plugin-push/AppDelegate+notification.h"; sourceTree = "<group>"; };
		D988A9664D2743CE85B4CD4F /* AFNetworkReachabilityManager.h */ = {isa = PBXFileReference; explicitFileType = undefined; fileEncoding = 4; includeInIndex = 0; lastKnownFileType = sourcecode.c.h; name = AFNetworkReachabilityManager.h; path = "cordova-plugin-advanced-http/AFNetworkReachabilityManager.h"; sourceTree = "<group>"; };
		D9F8907594A24DFDAF9B6BD7 /* CDVPinDialog.h */ = {isa = PBXFileReference; explicitFileType = undefined; fileEncoding = 4; includeInIndex = 0; lastKnownFileType = sourcecode.c.h; name = CDVPinDialog.h; path = "cordova-plugin-pin-dialog/CDVPinDialog.h"; sourceTree = "<group>"; };
		E01685C73E804288B6353701 /* CDVWKWebViewUIDelegate.h */ = {isa = PBXFileReference; explicitFileType = undefined; fileEncoding = 4; includeInIndex = 0; lastKnownFileType = sourcecode.c.h; name = CDVWKWebViewUIDelegate.h; path = "cordova-plugin-ionic-webview/CDVWKWebViewUIDelegate.h"; sourceTree = "<group>"; };
		EA1DE8C7C9C6432698B9B45F /* CDVPinDialog.m */ = {isa = PBXFileReference; explicitFileType = undefined; fileEncoding = 4; includeInIndex = 0; lastKnownFileType = sourcecode.c.objc; name = CDVPinDialog.m; path = "cordova-plugin-pin-dialog/CDVPinDialog.m"; sourceTree = "<group>"; };
		EA6021D5B75041198ACFF41D /* SafariViewController.m */ = {isa = PBXFileReference; explicitFileType = undefined; fileEncoding = 4; includeInIndex = 0; lastKnownFileType = sourcecode.c.objc; name = SafariViewController.m; path = "cordova-plugin-safariviewcontroller/SafariViewController.m"; sourceTree = "<group>"; };
		EB858F76B282418A99A39BEF /* Diagnostic_Notifications.m */ = {isa = PBXFileReference; explicitFileType = undefined; fileEncoding = 4; includeInIndex = 0; lastKnownFileType = sourcecode.c.objc; name = Diagnostic_Notifications.m; path = cordova.plugins.diagnostic/Diagnostic_Notifications.m; sourceTree = "<group>"; };
		EB87FDF31871DA8E0020F90C /* www */ = {isa = PBXFileReference; lastKnownFileType = folder; name = www; path = ../../www; sourceTree = "<group>"; };
		EB87FDF41871DAF40020F90C /* config.xml */ = {isa = PBXFileReference; lastKnownFileType = text.xml; name = config.xml; path = ../../config.xml; sourceTree = "<group>"; };
		EC0A34EEB21B416EAF43F8AD /* CDVCamera.h */ = {isa = PBXFileReference; explicitFileType = undefined; fileEncoding = 4; includeInIndex = 0; lastKnownFileType = sourcecode.c.h; name = CDVCamera.h; path = "cordova-plugin-camera/CDVCamera.h"; sourceTree = "<group>"; };
		ED33DF2A687741AEAF9F8254 /* Bridging-Header.h */ = {isa = PBXFileReference; fileEncoding = 4; lastKnownFileType = sourcecode.c.h; path = "Bridging-Header.h"; sourceTree = "<group>"; };
		EF7109C788DF4600B77E27DD /* CDVAssetLibraryFilesystem.m */ = {isa = PBXFileReference; explicitFileType = undefined; fileEncoding = 4; includeInIndex = 0; lastKnownFileType = sourcecode.c.objc; name = CDVAssetLibraryFilesystem.m; path = "cordova-plugin-file/CDVAssetLibraryFilesystem.m"; sourceTree = "<group>"; };
		F0B5193C07F644CA88297090 /* AFURLResponseSerialization.m */ = {isa = PBXFileReference; explicitFileType = undefined; fileEncoding = 4; includeInIndex = 0; lastKnownFileType = sourcecode.c.objc; name = AFURLResponseSerialization.m; path = "cordova-plugin-advanced-http/AFURLResponseSerialization.m"; sourceTree = "<group>"; };
		F29742236EAE4B789308BEEB /* CDVCamera.m */ = {isa = PBXFileReference; explicitFileType = undefined; fileEncoding = 4; includeInIndex = 0; lastKnownFileType = sourcecode.c.objc; name = CDVCamera.m; path = "cordova-plugin-camera/CDVCamera.m"; sourceTree = "<group>"; };
		F32B27C98C3341F595EB3F0F /* SafariServices.framework */ = {isa = PBXFileReference; explicitFileType = undefined; fileEncoding = 9; includeInIndex = 0; lastKnownFileType = wrapper.framework; name = SafariServices.framework; path = System/Library/Frameworks/SafariServices.framework; sourceTree = SDKROOT; };
		F509EFE67ACC4C79AD9EAD81 /* CDVStatusBar.m */ = {isa = PBXFileReference; explicitFileType = undefined; fileEncoding = 4; includeInIndex = 0; lastKnownFileType = sourcecode.c.objc; name = CDVStatusBar.m; path = "cordova-plugin-statusbar/CDVStatusBar.m"; sourceTree = "<group>"; };
		F5AEC92514A241E483AD93F3 /* CDVJpegHeaderWriter.h */ = {isa = PBXFileReference; explicitFileType = undefined; fileEncoding = 4; includeInIndex = 0; lastKnownFileType = sourcecode.c.h; name = CDVJpegHeaderWriter.h; path = "cordova-plugin-camera/CDVJpegHeaderWriter.h"; sourceTree = "<group>"; };
		F675F12A6D264698BC9BBFD4 /* CDVDevice.m */ = {isa = PBXFileReference; explicitFileType = undefined; fileEncoding = 4; includeInIndex = 0; lastKnownFileType = sourcecode.c.objc; name = CDVDevice.m; path = "cordova-plugin-device/CDVDevice.m"; sourceTree = "<group>"; };
		F7E93123C0BD475CA99F5BF3 /* Security.framework */ = {isa = PBXFileReference; explicitFileType = undefined; fileEncoding = 9; includeInIndex = 0; lastKnownFileType = wrapper.framework; name = Security.framework; path = System/Library/Frameworks/Security.framework; sourceTree = SDKROOT; };
		F840E1F0165FE0F500CFE078 /* config.xml */ = {isa = PBXFileReference; lastKnownFileType = text.xml; name = config.xml; path = FormulaHR/config.xml; sourceTree = "<group>"; };
		FA1DC4290F2A4AAEB96FFAEB /* PSPDFThreadSafeMutableDictionary.h */ = {isa = PBXFileReference; explicitFileType = undefined; fileEncoding = 4; includeInIndex = 0; lastKnownFileType = sourcecode.c.h; name = PSPDFThreadSafeMutableDictionary.h; path = "cordova-sqlite-storage/PSPDFThreadSafeMutableDictionary.h"; sourceTree = "<group>"; };
		FFC290EF13A549AA8DEC5912 /* SDNetworkActivityIndicator.h */ = {isa = PBXFileReference; explicitFileType = undefined; fileEncoding = 4; includeInIndex = 0; lastKnownFileType = sourcecode.c.h; name = SDNetworkActivityIndicator.h; path = "cordova-plugin-advanced-http/SDNetworkActivityIndicator.h"; sourceTree = "<group>"; };
/* End PBXFileReference section */

/* Begin PBXFrameworksBuildPhase section */
		1D60588F0D05DD3D006BFB54 /* Frameworks */ = {
			isa = PBXFrameworksBuildPhase;
			buildActionMask = 2147483647;
			files = (
				301BF552109A68D80062928A /* libCordova.a in Frameworks */,
				E55DECE58F7E4521930B8FA4 /* Security.framework in Frameworks */,
				D12018DE280341159B61EF1B /* SystemConfiguration.framework in Frameworks */,
				9DD781EEF2824E1EB63F55D8 /* ImageIO.framework in Frameworks */,
				E74200F5A1ED4171884C324F /* CoreLocation.framework in Frameworks */,
				F4E518E6BB6E43EEA1B53DBD /* AVFoundation.framework in Frameworks */,
				320445CC242B4C0FA0DB81AD /* CoreTelephony.framework in Frameworks */,
				14CC2D4B28F045AD95F304A0 /* SafariServices.framework in Frameworks */,
				CD62F1E2E4E94B0EB27B6E13 /* QuartzCore.framework in Frameworks */,
				53FB8FD8EA4C42A2BED04FC8 /* Photos.framework in Frameworks */,
				9C0754D7D4E24BDEA76E84B6 /* UserNotifications.framework in Frameworks */,
				6C80C8A432B643808867CCAC /* PushKit.framework in Frameworks */,
				CE5DEAC1FF9939AB6FF3BB18 /* libPods-FormulaHR.a in Frameworks */,
				7730CB5055B04C3AB1426005 /* WebKit.framework in Frameworks */,
			);
			runOnlyForDeploymentPostprocessing = 0;
		};
/* End PBXFrameworksBuildPhase section */

/* Begin PBXGroup section */
		080E96DDFE201D6D7F000001 /* Classes */ = {
			isa = PBXGroup;
			children = (
				302D95EE14D2391D003F00A1 /* MainViewController.h */,
				302D95EF14D2391D003F00A1 /* MainViewController.m */,
				302D95F014D2391D003F00A1 /* MainViewController.xib */,
				1D3623240D0F684500981E51 /* AppDelegate.h */,
				1D3623250D0F684500981E51 /* AppDelegate.m */,
			);
			name = Classes;
			path = FormulaHR/Classes;
			sourceTree = SOURCE_ROOT;
		};
		19C28FACFE9D520D11CA2CBB /* Products */ = {
			isa = PBXGroup;
			children = (
				1D6058910D05DD3D006BFB54 /* FormulaHR.app */,
			);
			name = Products;
			sourceTree = "<group>";
		};
		29B97314FDCFA39411CA2CEA /* CustomTemplate */ = {
			isa = PBXGroup;
			children = (
				EB87FDF41871DAF40020F90C /* config.xml */,
				EB87FDF31871DA8E0020F90C /* www */,
				EB87FDF11871DA420020F90C /* Staging */,
				301BF52D109A57CC0062928A /* CordovaLib.xcodeproj */,
				080E96DDFE201D6D7F000001 /* Classes */,
				307C750510C5A3420062BCA9 /* Plugins */,
				29B97315FDCFA39411CA2CEA /* Other Sources */,
				29B97317FDCFA39411CA2CEA /* Resources */,
				29B97323FDCFA39411CA2CEA /* Frameworks */,
				19C28FACFE9D520D11CA2CBB /* Products */,
				36DAB976D609023EC07BB389 /* Pods */,
			);
			name = CustomTemplate;
			sourceTree = "<group>";
		};
		29B97315FDCFA39411CA2CEA /* Other Sources */ = {
			isa = PBXGroup;
			children = (
				32CA4F630368D1EE00C91783 /* FormulaHR-Prefix.pch */,
				29B97316FDCFA39411CA2CEA /* main.m */,
				ED33DF2A687741AEAF9F8254 /* Bridging-Header.h */,
			);
			name = "Other Sources";
			path = FormulaHR;
			sourceTree = "<group>";
		};
		29B97317FDCFA39411CA2CEA /* Resources */ = {
			isa = PBXGroup;
			children = (
				183B4129280D257D00920D7E /* logo_hr.jpg */,
				1881CAD92806A31E0089B2FF /* GoogleService-Info.plist */,
				0207DA571B56EA530066E2B4 /* Images.xcassets */,
				3047A50E1AB8057F00498E2A /* config */,
				8D1107310486CEB800E47090 /* FormulaHR-Info.plist */,
				6AFF5BF81D6E424B00AB3073 /* CDVLaunchScreen.storyboard */,
			);
			name = Resources;
			path = FormulaHR/Resources;
			sourceTree = "<group>";
		};
		29B97323FDCFA39411CA2CEA /* Frameworks */ = {
			isa = PBXGroup;
			children = (
				F7E93123C0BD475CA99F5BF3 /* Security.framework */,
				56B20AA58AFC4EE4BC3749BC /* SystemConfiguration.framework */,
				09A96423BEF84CEAAAABBFF1 /* ImageIO.framework */,
				684164C2812B48209E279919 /* CoreLocation.framework */,
				81CF542094FD46B69F1A5E8A /* AVFoundation.framework */,
				664721E985E44B11B74CE63D /* CoreTelephony.framework */,
				F32B27C98C3341F595EB3F0F /* SafariServices.framework */,
				102A23C57EA747CB88C98901 /* QuartzCore.framework */,
				2400AA48CCD74E999F19CB19 /* Photos.framework */,
				3900BF393D78482991BC6E80 /* UserNotifications.framework */,
				7AD54F55DBC94F2F989F3AF6 /* PushKit.framework */,
				09D6EBBC9543B2922C80908F /* libPods-FormulaHR.a */,
				6EA775F818DF484A92EA3D93 /* WebKit.framework */,
			);
			name = Frameworks;
			sourceTree = "<group>";
		};
		301BF52E109A57CC0062928A /* Products */ = {
			isa = PBXGroup;
			children = (
				301BF535109A57CC0062928A /* libCordova.a */,
				907D8124214C687600058A10 /* Cordova.framework */,
			);
			name = Products;
			sourceTree = "<group>";
		};
		3047A50E1AB8057F00498E2A /* config */ = {
			isa = PBXGroup;
			children = (
				3047A50F1AB8059700498E2A /* build-debug.xcconfig */,
				3047A5101AB8059700498E2A /* build-release.xcconfig */,
				3047A5111AB8059700498E2A /* build.xcconfig */,
			);
			name = config;
			sourceTree = "<group>";
		};
		307C750510C5A3420062BCA9 /* Plugins */ = {
			isa = PBXGroup;
			children = (
				4E810D095A394502BD438A40 /* CDVFile.m */,
				1CE8B58A39A448F895BA7945 /* CDVLocalFilesystem.m */,
				EF7109C788DF4600B77E27DD /* CDVAssetLibraryFilesystem.m */,
				52C36AFC9E3D420CACCBA93B /* CDVFile.h */,
				B2F30788E6BA4AA9BA5EC902 /* CDVLocalFilesystem.h */,
				2CF7CBC575804E20BC21C891 /* CDVAssetLibraryFilesystem.h */,
				67907AE2DA854B5CA9AE4CF0 /* CordovaHttpPlugin.m */,
				81711DC5F547441BB3F11089 /* TextResponseSerializer.m */,
				3F51AE76D9F847B3ABFEE2C1 /* TextRequestSerializer.m */,
				0C75A027C74E48F78EEDC47A /* AFHTTPSessionManager.m */,
				724C3B54E3FE4317B201339C /* AFNetworkReachabilityManager.m */,
				313272651E9A468A8C967960 /* AFSecurityPolicy.m */,
				5833BF546E074E9D8FA510BC /* AFURLRequestSerialization.m */,
				F0B5193C07F644CA88297090 /* AFURLResponseSerialization.m */,
				310ABA488C8E43D383FF1978 /* AFURLSessionManager.m */,
				7DF80543FF44434E857F6275 /* SDNetworkActivityIndicator.m */,
				9D5993D63658491AB5F8E627 /* CordovaHttpPlugin.h */,
				BC2E113182A249D1A80328BC /* TextResponseSerializer.h */,
				2E9C3F86F7504736875776DF /* TextRequestSerializer.h */,
				598425E3A65B4D2AACDB6A6F /* AFHTTPSessionManager.h */,
				2EFF3726C21241E2BBF62AC9 /* AFNetworking.h */,
				D988A9664D2743CE85B4CD4F /* AFNetworkReachabilityManager.h */,
				B19E4836638D4EA6B5B9E4C0 /* AFSecurityPolicy.h */,
				1ACD5994E3C5464B9290DBDA /* AFURLRequestSerialization.h */,
				BDBB8C9F742E4C6FA5F2E1ED /* AFURLResponseSerialization.h */,
				5BA9330EE6F24614962CCDC7 /* AFURLSessionManager.h */,
				FFC290EF13A549AA8DEC5912 /* SDNetworkActivityIndicator.h */,
				89B1CC55E33A40B58FB9603A /* AppVersion.m */,
				985AE12CB6E84CBAA2CE2EEE /* AppVersion.h */,
				3653A40FAE514FB98B2CBDAB /* UIImage+CropScaleOrientation.m */,
				F29742236EAE4B789308BEEB /* CDVCamera.m */,
				70DE3508B6104747B4C90365 /* CDVJpegHeaderWriter.m */,
				CACC842D60C84DFAB11B29E0 /* UIImage+CropScaleOrientation.h */,
				EC0A34EEB21B416EAF43F8AD /* CDVCamera.h */,
				F5AEC92514A241E483AD93F3 /* CDVJpegHeaderWriter.h */,
				6D867BABDA064FE598A43917 /* CDVExif.h */,
				F675F12A6D264698BC9BBFD4 /* CDVDevice.m */,
				4A822CDEFE3F4CC4A7884C4B /* CDVDevice.h */,
				540B249A40894564A6A54990 /* CDVLocation.m */,
				BD32B1E8F7E14D7BB7FB0FB8 /* CDVLocation.h */,
				459B277210C44C9ABA0FB481 /* CDVGlobalization.m */,
				0D27A99C7CBE40C6892048C1 /* CDVGlobalization.h */,
				4F29B7A19FF0437494E3347B /* CDVIonicKeyboard.m */,
				31CB5E99E2EF472EA8619F12 /* CDVIonicKeyboard.h */,
				0B2AAFAA06D84FD4B769FB04 /* NativeGeocoder.swift */,
				CB34376E55B94587A85238A6 /* NativeGeocoder-Bridging-Header.h */,
				8C16ED570D2E4FAA9CF85752 /* CDVConnection.m */,
				7625243D8C0D4C65ADF09401 /* CDVReachability.m */,
				4EADCF72EA5D4CCDAB821D08 /* CDVConnection.h */,
				58A5090BEACE4A018164527D /* CDVReachability.h */,
				EA1DE8C7C9C6432698B9B45F /* CDVPinDialog.m */,
				D9F8907594A24DFDAF9B6BD7 /* CDVPinDialog.h */,
				340EB5A6CFEB42AEA2E1038A /* RequestLocationAccuracy.m */,
				D2528FBCA5F645ED91334442 /* RequestLocationAccuracy.h */,
				EA6021D5B75041198ACFF41D /* SafariViewController.m */,
				BD1231FD00A844FE9AAEC85D /* SafariViewController.h */,
				9D6C76C06B714F66AB9D3BF8 /* CDVSplashScreen.m */,
				6C3FB9EE0DB1489DBCE7EE95 /* CDVViewController+SplashScreen.m */,
				C142D99A75CA4BD18F5177CB /* CDVSplashScreen.h */,
				156C4322BB2B47E9ACFA6C83 /* CDVViewController+SplashScreen.h */,
				F509EFE67ACC4C79AD9EAD81 /* CDVStatusBar.m */,
				602D3441F68E498E98AF6766 /* CDVStatusBar.h */,
				5451C3A6C14C4BF183F9A21F /* Toast+UIView.m */,
				174FCCEF926C467D9F18C465 /* Toast.m */,
				35DEE0A930534F44A26FB1EE /* Toast+UIView.h */,
				5014292EA88D43B4B3745DCE /* Toast.h */,
				C0D0AFF8803F472D81925206 /* SQLitePlugin.m */,
				27C7DAC04F404A0DB15EC569 /* PSPDFThreadSafeMutableDictionary.m */,
				36FAABF018C04BC2B1317D8F /* sqlite3.c */,
				CC2911807858415EBB441726 /* SQLitePlugin.h */,
				FA1DC4290F2A4AAEB96FFAEB /* PSPDFThreadSafeMutableDictionary.h */,
				5854C80B1CD44E53A2673395 /* sqlite3.h */,
				3072B218DD7641F6829FDB1F /* Diagnostic.m */,
				B8CCE416AC274C07B85D0046 /* Diagnostic_Location.m */,
				37DA51B911A040A6B3369639 /* Diagnostic_Camera.m */,
				EB858F76B282418A99A39BEF /* Diagnostic_Notifications.m */,
				017025AE595B4DA3BB2CCFD8 /* Diagnostic.h */,
				0D4DDF5C39DD405185C5E9D0 /* Diagnostic_Location.h */,
				272651CA83D34FABA6AD9C76 /* Diagnostic_Camera.h */,
				6B89B996F7284B60B2877EC6 /* Diagnostic_Notifications.h */,
				578DFB60832C4699BB26C7D7 /* AppDelegate+notification.m */,
				65FF32AAD26049DAB13094E1 /* PushPlugin.m */,
				D465B83D25CF491A96DB876C /* AppDelegate+notification.h */,
				65A3C149280B42C18F97268F /* PushPlugin.h */,
				72896F3C496441D6A9572288 /* CDVWKWebViewEngine.m */,
				B593F210D6E2408980AF2D97 /* CDVWKWebViewUIDelegate.m */,
				9225EC0949E244AB84DD4F23 /* CDVWKProcessPoolFactory.m */,
				53D3C2B5EF704243AB165DD6 /* IONAssetHandler.m */,
				492A78342B8844D28B8E359B /* CDVWKWebViewEngine.h */,
				E01685C73E804288B6353701 /* CDVWKWebViewUIDelegate.h */,
				90C976F0FE8F42B6B037EBD7 /* CDVWKProcessPoolFactory.h */,
				1023E2CCDEDA440087D7838F /* IONAssetHandler.h */,
			);
			name = Plugins;
			path = FormulaHR/Plugins;
			sourceTree = SOURCE_ROOT;
		};
		36DAB976D609023EC07BB389 /* Pods */ = {
			isa = PBXGroup;
			children = (
				4D351FD1859D60A76FA84752 /* Pods-FormulaHR.debug.xcconfig */,
				B8CBAD6C4A2686B458A7F7DA /* Pods-FormulaHR.release.xcconfig */,
			);
			path = Pods;
			sourceTree = "<group>";
		};
		EB87FDF11871DA420020F90C /* Staging */ = {
			isa = PBXGroup;
			children = (
				F840E1F0165FE0F500CFE078 /* config.xml */,
				301BF56E109A69640062928A /* www */,
			);
			name = Staging;
			sourceTree = "<group>";
		};
/* End PBXGroup section */

/* Begin PBXNativeTarget section */
		1D6058900D05DD3D006BFB54 /* FormulaHR */ = {
			isa = PBXNativeTarget;
			buildConfigurationList = 1D6058960D05DD3E006BFB54 /* Build configuration list for PBXNativeTarget "FormulaHR" */;
			buildPhases = (
				71E901E79F6D475E1182F2AB /* [CP] Check Pods Manifest.lock */,
				304B58A110DAC018002A0835 /* Copy www directory */,
				1D60588D0D05DD3D006BFB54 /* Resources */,
				1D60588E0D05DD3D006BFB54 /* Sources */,
				1D60588F0D05DD3D006BFB54 /* Frameworks */,
			);
			buildRules = (
			);
			dependencies = (
				301BF551109A68C00062928A /* PBXTargetDependency */,
			);
			name = FormulaHR;
			productName = FormulaHR;
			productReference = 1D6058910D05DD3D006BFB54 /* FormulaHR.app */;
			productType = "com.apple.product-type.application";
		};
/* End PBXNativeTarget section */

/* Begin PBXProject section */
		29B97313FDCFA39411CA2CEA /* Project object */ = {
			isa = PBXProject;
			attributes = {
				LastUpgradeCheck = 510;
				TargetAttributes = {
					1D6058900D05DD3D006BFB54 = {
						DevelopmentTeam = 6DHYDJ8UB3;
						ProvisioningStyle = Manual;
					};
				};
			};
			buildConfigurationList = C01FCF4E08A954540054247B /* Build configuration list for PBXProject "FormulaHR" */;
			compatibilityVersion = "Xcode 3.2";
			developmentRegion = English;
			hasScannedForEncodings = 1;
			knownRegions = (
				English,
				en,
				Base,
			);
			mainGroup = 29B97314FDCFA39411CA2CEA /* CustomTemplate */;
			productRefGroup = 19C28FACFE9D520D11CA2CBB /* Products */;
			projectDirPath = "";
			projectReferences = (
				{
					ProductGroup = 301BF52E109A57CC0062928A /* Products */;
					ProjectRef = 301BF52D109A57CC0062928A /* CordovaLib.xcodeproj */;
				},
			);
			projectRoot = "";
			targets = (
				1D6058900D05DD3D006BFB54 /* FormulaHR */,
			);
		};
/* End PBXProject section */

/* Begin PBXReferenceProxy section */
		301BF535109A57CC0062928A /* libCordova.a */ = {
			isa = PBXReferenceProxy;
			fileType = archive.ar;
			path = libCordova.a;
			remoteRef = 301BF534109A57CC0062928A /* PBXContainerItemProxy */;
			sourceTree = BUILT_PRODUCTS_DIR;
		};
		907D8124214C687600058A10 /* Cordova.framework */ = {
			isa = PBXReferenceProxy;
			fileType = wrapper.framework;
			path = Cordova.framework;
			remoteRef = 907D8123214C687600058A10 /* PBXContainerItemProxy */;
			sourceTree = BUILT_PRODUCTS_DIR;
		};
/* End PBXReferenceProxy section */

/* Begin PBXResourcesBuildPhase section */
		1D60588D0D05DD3D006BFB54 /* Resources */ = {
			isa = PBXResourcesBuildPhase;
			buildActionMask = 2147483647;
			files = (
				302D95F214D2391D003F00A1 /* MainViewController.xib in Resources */,
				1881CADA2806A31E0089B2FF /* GoogleService-Info.plist in Resources */,
				0207DA581B56EA530066E2B4 /* Images.xcassets in Resources */,
				183B412B280D257D00920D7E /* logo_hr.jpg in Resources */,
				6AFF5BF91D6E424B00AB3073 /* CDVLaunchScreen.storyboard in Resources */,
			);
			runOnlyForDeploymentPostprocessing = 0;
		};
/* End PBXResourcesBuildPhase section */

/* Begin PBXShellScriptBuildPhase section */
		304B58A110DAC018002A0835 /* Copy www directory */ = {
			isa = PBXShellScriptBuildPhase;
			buildActionMask = 2147483647;
			files = (
			);
			inputPaths = (
			);
			name = "Copy www directory";
			outputPaths = (
			);
			runOnlyForDeploymentPostprocessing = 0;
			shellPath = /bin/sh;
			shellScript = "\"$SRCROOT/FormulaHR/Scripts/copy-www-build-step.sh\"";
			showEnvVarsInLog = 0;
		};
		71E901E79F6D475E1182F2AB /* [CP] Check Pods Manifest.lock */ = {
			isa = PBXShellScriptBuildPhase;
			buildActionMask = 2147483647;
			files = (
			);
			inputFileListPaths = (
			);
			inputPaths = (
				"${PODS_PODFILE_DIR_PATH}/Podfile.lock",
				"${PODS_ROOT}/Manifest.lock",
			);
			name = "[CP] Check Pods Manifest.lock";
			outputFileListPaths = (
			);
			outputPaths = (
				"$(DERIVED_FILE_DIR)/Pods-FormulaHR-checkManifestLockResult.txt",
			);
			runOnlyForDeploymentPostprocessing = 0;
			shellPath = /bin/sh;
			shellScript = "diff \"${PODS_PODFILE_DIR_PATH}/Podfile.lock\" \"${PODS_ROOT}/Manifest.lock\" > /dev/null\nif [ $? != 0 ] ; then\n    # print error to STDERR\n    echo \"error: The sandbox is not in sync with the Podfile.lock. Run 'pod install' or update your CocoaPods installation.\" >&2\n    exit 1\nfi\n# This output is used by Xcode 'outputs' to avoid re-running this script phase.\necho \"SUCCESS\" > \"${SCRIPT_OUTPUT_FILE_0}\"\n";
			showEnvVarsInLog = 0;
		};
/* End PBXShellScriptBuildPhase section */

/* Begin PBXSourcesBuildPhase section */
		1D60588E0D05DD3D006BFB54 /* Sources */ = {
			isa = PBXSourcesBuildPhase;
			buildActionMask = 2147483647;
			files = (
				1D60589B0D05DD56006BFB54 /* main.m in Sources */,
				1D3623260D0F684500981E51 /* AppDelegate.m in Sources */,
				302D95F114D2391D003F00A1 /* MainViewController.m in Sources */,
				1735DC6F7E4A48F681AEB834 /* CDVFile.m in Sources */,
				19EB277ED36341ABB1D97D8E /* CDVLocalFilesystem.m in Sources */,
				5EBD025B8CEF4F56B59BA3D2 /* CDVAssetLibraryFilesystem.m in Sources */,
				507C4C6DA40A497BA042EDC4 /* CordovaHttpPlugin.m in Sources */,
				83441DFAD9724EF18538BEF4 /* TextResponseSerializer.m in Sources */,
				6DFB2B3D7AF24E03B65B34E5 /* TextRequestSerializer.m in Sources */,
				B7743B8779EA4E7E94EE74BA /* AFHTTPSessionManager.m in Sources */,
				82AE69F96DEB4B5FA3F30F80 /* AFNetworkReachabilityManager.m in Sources */,
				D37DA42876494675A306DDE5 /* AFSecurityPolicy.m in Sources */,
				27A64DEAB6B74F39AA53A825 /* AFURLRequestSerialization.m in Sources */,
				3EA5122CADAA41DCBCFBC6E6 /* AFURLResponseSerialization.m in Sources */,
				5DC1E1CAF9F64BDBB14492AB /* AFURLSessionManager.m in Sources */,
				600B0A17DC934F4699F03685 /* SDNetworkActivityIndicator.m in Sources */,
				815C4B5FB2744B50A7CBDBC2 /* AppVersion.m in Sources */,
				8C4A251713C44DE38874E618 /* UIImage+CropScaleOrientation.m in Sources */,
				2E73EB12EAA84D8A90FA7309 /* CDVCamera.m in Sources */,
				1E76C134280E4BE48CE41EB1 /* CDVJpegHeaderWriter.m in Sources */,
				B4C5FAB2E5B34C51BE6E4594 /* CDVDevice.m in Sources */,
				054628BBBE774EFB8EA91662 /* CDVLocation.m in Sources */,
				6D78F2FD1D124207883787BF /* CDVGlobalization.m in Sources */,
				628BE730D86E494C882B6C48 /* CDVIonicKeyboard.m in Sources */,
				CA39A0A84B4F4FE7B85A2D1F /* NativeGeocoder.swift in Sources */,
				E271EEC8370C4AAE9F3E7023 /* CDVConnection.m in Sources */,
				0F47C950CCA043D9820B0968 /* CDVReachability.m in Sources */,
				0E1BA8274FF74F05A8CC8F67 /* CDVPinDialog.m in Sources */,
				5888A28FFE59476AA325808A /* RequestLocationAccuracy.m in Sources */,
				E3BD9EAC2C6A491AAAD046BF /* SafariViewController.m in Sources */,
				9B9810E4C1024C73876B5086 /* CDVSplashScreen.m in Sources */,
				C9D2EB2A7BCC42D09F6A3CB5 /* CDVViewController+SplashScreen.m in Sources */,
				43206A9EA7384BBC8F457213 /* CDVStatusBar.m in Sources */,
				D92786FEFD734E32B009282C /* Toast+UIView.m in Sources */,
				C70CBA8A4CD541519164D983 /* Toast.m in Sources */,
				CCD0D70699C34FEF9255A4B2 /* SQLitePlugin.m in Sources */,
				AC593F31143946C9803F1757 /* PSPDFThreadSafeMutableDictionary.m in Sources */,
				05381E168EA041D082E84763 /* sqlite3.c in Sources */,
				A05DB5F6F46343B8A05981D6 /* Diagnostic.m in Sources */,
				8EA5275A667C4563BD971182 /* Diagnostic_Location.m in Sources */,
				59E6453F71E640B6A639CEE1 /* Diagnostic_Camera.m in Sources */,
				BF5EE05936E249B28A8E66C5 /* Diagnostic_Notifications.m in Sources */,
				BD1DFCFBE8CB4FCDBC61B6A5 /* AppDelegate+notification.m in Sources */,
				131D00F290744156B79691DC /* PushPlugin.m in Sources */,
				A61F9FDEBAF540C4BFC97EEE /* CDVWKWebViewEngine.m in Sources */,
				C0EC5FDB02EC46FE9BADD7F9 /* CDVWKWebViewUIDelegate.m in Sources */,
				DC79DEF95F3E4037A9EB4AB1 /* CDVWKProcessPoolFactory.m in Sources */,
				3C579888535E470B94C0CDB6 /* IONAssetHandler.m in Sources */,
			);
			runOnlyForDeploymentPostprocessing = 0;
		};
/* End PBXSourcesBuildPhase section */

/* Begin PBXTargetDependency section */
		301BF551109A68C00062928A /* PBXTargetDependency */ = {
			isa = PBXTargetDependency;
			name = CordovaLib;
			targetProxy = 301BF550109A68C00062928A /* PBXContainerItemProxy */;
		};
/* End PBXTargetDependency section */

/* Begin XCBuildConfiguration section */
		1D6058940D05DD3E006BFB54 /* Debug */ = {
			isa = XCBuildConfiguration;
			baseConfigurationReference = 3047A50F1AB8059700498E2A /* build-debug.xcconfig */;
			buildSettings = {
				ALWAYS_SEARCH_USER_PATHS = NO;
				ASSETCATALOG_COMPILER_APPICON_NAME = AppIcon;
				ASSETCATALOG_COMPILER_LAUNCHIMAGE_NAME = LaunchImage;
				CLANG_ENABLE_MODULES = YES;
				CLANG_ENABLE_OBJC_ARC = YES;
				CODE_SIGN_STYLE = Manual;
				COPY_PHASE_STRIP = NO;
				CURRENT_PROJECT_VERSION = 2.6.9;
				DEVELOPMENT_TEAM = 6DHYDJ8UB3;
				GCC_DYNAMIC_NO_PIC = NO;
				GCC_OPTIMIZATION_LEVEL = 0;
				GCC_PRECOMPILE_PREFIX_HEADER = YES;
				GCC_PREFIX_HEADER = "FormulaHR/FormulaHR-Prefix.pch";
				GCC_THUMB_SUPPORT = NO;
				GCC_VERSION = "";
				INFOPLIST_FILE = "FormulaHR/FormulaHR-Info.plist";
				IPHONEOS_DEPLOYMENT_TARGET = 11.0;
				LD_RUNPATH_SEARCH_PATHS = "@executable_path/Frameworks";
				MARKETING_VERSION = 2.6.9;
				PRODUCT_BUNDLE_IDENTIFIER = com.icomm.formulaHR;
				PRODUCT_NAME = "$(TARGET_NAME)";
				PROVISIONING_PROFILE_SPECIFIER = com.icomm.formulahr.provisionDev;
				SWIFT_VERSION = 5.0;
				TARGETED_DEVICE_FAMILY = "1,2";
				WK_WEB_VIEW_ONLY = 1;
			};
			name = Debug;
		};
		1D6058950D05DD3E006BFB54 /* Release */ = {
			isa = XCBuildConfiguration;
			baseConfigurationReference = 3047A5101AB8059700498E2A /* build-release.xcconfig */;
			buildSettings = {
				ALWAYS_SEARCH_USER_PATHS = NO;
				ASSETCATALOG_COMPILER_APPICON_NAME = AppIcon;
				ASSETCATALOG_COMPILER_LAUNCHIMAGE_NAME = LaunchImage;
				CLANG_ENABLE_MODULES = YES;
				CLANG_ENABLE_OBJC_ARC = YES;
				CODE_SIGN_IDENTITY = "iPhone Distribution";
				CODE_SIGN_STYLE = Manual;
				COPY_PHASE_STRIP = YES;
				CURRENT_PROJECT_VERSION = 2.6.9;
				DEVELOPMENT_TEAM = 6DHYDJ8UB3;
				GCC_PRECOMPILE_PREFIX_HEADER = YES;
				GCC_PREFIX_HEADER = "FormulaHR/FormulaHR-Prefix.pch";
				GCC_THUMB_SUPPORT = NO;
				GCC_VERSION = "";
				INFOPLIST_FILE = "FormulaHR/FormulaHR-Info.plist";
				IPHONEOS_DEPLOYMENT_TARGET = 11.0;
				LD_RUNPATH_SEARCH_PATHS = "@executable_path/Frameworks";
				MARKETING_VERSION = 2.6.9;
				PRODUCT_BUNDLE_IDENTIFIER = com.icomm.formulaHR;
				PRODUCT_NAME = "$(TARGET_NAME)";
				PROVISIONING_PROFILE_SPECIFIER = com.icomm.formulahr.provisionDistrib;
				SWIFT_VERSION = 5.0;
				TARGETED_DEVICE_FAMILY = "1,2";
				WK_WEB_VIEW_ONLY = 1;
			};
			name = Release;
		};
		C01FCF4F08A954540054247B /* Debug */ = {
			isa = XCBuildConfiguration;
			baseConfigurationReference = 3047A5111AB8059700498E2A /* build.xcconfig */;
			buildSettings = {
				CLANG_ENABLE_MODULES = YES;
				CLANG_ENABLE_OBJC_ARC = YES;
				CLANG_WARN_BLOCK_CAPTURE_AUTORELEASING = YES;
				CLANG_WARN_BOOL_CONVERSION = YES;
				CLANG_WARN_COMMA = YES;
				CLANG_WARN_CONSTANT_CONVERSION = YES;
				CLANG_WARN_DEPRECATED_OBJC_IMPLEMENTATIONS = YES;
				CLANG_WARN_EMPTY_BODY = YES;
				CLANG_WARN_ENUM_CONVERSION = YES;
				CLANG_WARN_INFINITE_RECURSION = YES;
				CLANG_WARN_INT_CONVERSION = YES;
				CLANG_WARN_NON_LITERAL_NULL_CONVERSION = YES;
				CLANG_WARN_OBJC_IMPLICIT_RETAIN_SELF = YES;
				CLANG_WARN_OBJC_LITERAL_CONVERSION = YES;
				CLANG_WARN_RANGE_LOOP_ANALYSIS = YES;
				CLANG_WARN_STRICT_PROTOTYPES = YES;
				CLANG_WARN_SUSPICIOUS_MOVE = YES;
				CLANG_WARN_UNREACHABLE_CODE = YES;
				CLANG_WARN__DUPLICATE_METHOD_MATCH = YES;
				ENABLE_STRICT_OBJC_MSGSEND = YES;
				ENABLE_TESTABILITY = YES;
				GCC_C_LANGUAGE_STANDARD = c99;
				GCC_NO_COMMON_BLOCKS = YES;
				GCC_THUMB_SUPPORT = NO;
				GCC_VERSION = "";
				GCC_WARN_64_TO_32_BIT_CONVERSION = YES;
				GCC_WARN_ABOUT_RETURN_TYPE = YES;
				GCC_WARN_UNDECLARED_SELECTOR = YES;
				GCC_WARN_UNINITIALIZED_AUTOS = YES;
				GCC_WARN_UNUSED_FUNCTION = YES;
				GCC_WARN_UNUSED_VARIABLE = YES;
				IPHONEOS_DEPLOYMENT_TARGET = 11.0;
				ONLY_ACTIVE_ARCH = YES;
				PRODUCT_BUNDLE_IDENTIFIER = com.icomm.formulaHR;
				SDKROOT = iphoneos;
				SKIP_INSTALL = NO;
				SWIFT_VERSION = 5.0;
				WK_WEB_VIEW_ONLY = 1;
			};
			name = Debug;
		};
		C01FCF5008A954540054247B /* Release */ = {
			isa = XCBuildConfiguration;
			baseConfigurationReference = 3047A5111AB8059700498E2A /* build.xcconfig */;
			buildSettings = {
				CLANG_ENABLE_MODULES = YES;
				CLANG_ENABLE_OBJC_ARC = YES;
				CLANG_WARN_BLOCK_CAPTURE_AUTORELEASING = YES;
				CLANG_WARN_BOOL_CONVERSION = YES;
				CLANG_WARN_COMMA = YES;
				CLANG_WARN_CONSTANT_CONVERSION = YES;
				CLANG_WARN_DEPRECATED_OBJC_IMPLEMENTATIONS = YES;
				CLANG_WARN_EMPTY_BODY = YES;
				CLANG_WARN_ENUM_CONVERSION = YES;
				CLANG_WARN_INFINITE_RECURSION = YES;
				CLANG_WARN_INT_CONVERSION = YES;
				CLANG_WARN_NON_LITERAL_NULL_CONVERSION = YES;
				CLANG_WARN_OBJC_IMPLICIT_RETAIN_SELF = YES;
				CLANG_WARN_OBJC_LITERAL_CONVERSION = YES;
				CLANG_WARN_RANGE_LOOP_ANALYSIS = YES;
				CLANG_WARN_STRICT_PROTOTYPES = YES;
				CLANG_WARN_SUSPICIOUS_MOVE = YES;
				CLANG_WARN_UNREACHABLE_CODE = YES;
				CLANG_WARN__DUPLICATE_METHOD_MATCH = YES;
				ENABLE_STRICT_OBJC_MSGSEND = YES;
				GCC_C_LANGUAGE_STANDARD = c99;
				GCC_NO_COMMON_BLOCKS = YES;
				GCC_THUMB_SUPPORT = NO;
				GCC_VERSION = "";
				GCC_WARN_64_TO_32_BIT_CONVERSION = YES;
				GCC_WARN_ABOUT_RETURN_TYPE = YES;
				GCC_WARN_UNDECLARED_SELECTOR = YES;
				GCC_WARN_UNINITIALIZED_AUTOS = YES;
				GCC_WARN_UNUSED_FUNCTION = YES;
				GCC_WARN_UNUSED_VARIABLE = YES;
				IPHONEOS_DEPLOYMENT_TARGET = 11.0;
				PRODUCT_BUNDLE_IDENTIFIER = com.icomm.formulaHR;
				SDKROOT = iphoneos;
				SKIP_INSTALL = NO;
				SWIFT_VERSION = 5.0;
				WK_WEB_VIEW_ONLY = 1;
			};
			name = Release;
		};
/* End XCBuildConfiguration section */

/* Begin XCConfigurationList section */
		1D6058960D05DD3E006BFB54 /* Build configuration list for PBXNativeTarget "FormulaHR" */ = {
			isa = XCConfigurationList;
			buildConfigurations = (
				1D6058940D05DD3E006BFB54 /* Debug */,
				1D6058950D05DD3E006BFB54 /* Release */,
			);
			defaultConfigurationIsVisible = 0;
			defaultConfigurationName = Release;
		};
		C01FCF4E08A954540054247B /* Build configuration list for PBXProject "FormulaHR" */ = {
			isa = XCConfigurationList;
			buildConfigurations = (
				C01FCF4F08A954540054247B /* Debug */,
				C01FCF5008A954540054247B /* Release */,
			);
			defaultConfigurationIsVisible = 0;
			defaultConfigurationName = Release;
		};
/* End XCConfigurationList section */
	};
	rootObject = 29B97313FDCFA39411CA2CEA /* Project object */;
}
